
Microsoft Visual Studio Solution File, Format Version 12.00
# Visual Studio Version 17
VisualStudioVersion = 17.10.35004.147
MinimumVisualStudioVersion = 10.0.40219.1
Project("{9A19103F-16F7-4668-BE54-9A1E7A4F7556}") = "MenuService", "MenuService.csproj", "{EC32645B-7835-4629-98D6-FF4A8F7CFDD5}"
EndProject
Global
	GlobalSection(SolutionConfigurationPlatforms) = preSolution
		Debug|Any CPU = Debug|Any CPU
		Release|Any CPU = Release|Any CPU
	EndGlobalSection
	GlobalSection(ProjectConfigurationPlatforms) = postSolution
		{EC32645B-7835-4629-98D6-FF4A8F7CFDD5}.Debug|Any CPU.ActiveCfg = Debug|Any CPU
		{EC32645B-7835-4629-98D6-FF4A8F7CFDD5}.Debug|Any CPU.Build.0 = Debug|Any CPU
		{EC32645B-7835-4629-98D6-FF4A8F7CFDD5}.Release|Any CPU.ActiveCfg = Release|Any CPU
		{EC32645B-7835-4629-98D6-FF4A8F7CFDD5}.Release|Any CPU.Build.0 = Release|Any CPU
	EndGlobalSection
	GlobalSection(SolutionProperties) = preSolution
		HideSolutionNode = FALSE
	EndGlobalSection
	GlobalSection(ExtensibilityGlobals) = postSolution
		SolutionGuid = {F6CFFF4E-1F2E-4A5C-BDA9-B9DE047F18A9}
	EndGlobalSection
EndGlobal
